PODS:
  - Alamofire (4.7.3)
  - CustomizableActionSheet (1.2.1)
  - Realm (3.7.5):
    - Realm/Headers (= 3.7.5)
  - Realm/Headers (3.7.5)
  - RealmSwift (3.7.5):
    - Realm (= 3.7.5)
  - SearchTextField (1.2.1)

DEPENDENCIES:
  - Alamofire (~> 4.7)
  - CustomizableActionSheet
  - RealmSwift
  - SearchTextField

SPEC REPOS:
  https://github.com/cocoapods/specs.git:
    - Alamofire
    - CustomizableActionSheet
    - Realm
    - RealmSwift
    - SearchTextField

SPEC CHECKSUMS:
  Alamofire: c7287b6e5d7da964a70935e5db17046b7fde6568
  CustomizableActionSheet: 53b259b33e3567f4708cbc080bb4222632b6aa8d
  Realm: c286caf4dbf346ce24aad49ca76c7ce622d4a082
  RealmSwift: 2a9281e37d6de55f66f76254d49d28aeb1b729e4
  SearchTextField: 261b0febd49194492f29555fff3c5c0019ca84d2

PODFILE CHECKSUM: a2f23f6af7c6f1d6db917dcddeaf989630b37dab

COCOAPODS: 1.5.3
