// !$*UTF8*$!
{
	archiveVersion = 1;
	classes = {
	};
	objectVersion = 50;
	objects = {

/* Begin PBXBuildFile section */
		0D9D5467775099C34AD9115D /* Pods_Coma_CertoUITests.framework in Frameworks */ = {isa = PBXBuildFile; fileRef = 0F853C3F518710C9C20972EB /* Pods_Coma_CertoUITests.framework */; };
		5902B568211DD20100707EB0 /* Date+Extensions.swift in Sources */ = {isa = PBXBuildFile; fileRef = 5902B567211DD20100707EB0 /* Date+Extensions.swift */; };
		5902B56A211E013300707EB0 /* Meal.swift in Sources */ = {isa = PBXBuildFile; fileRef = 5902B569211E013300707EB0 /* Meal.swift */; };
		5902B56D211E01E900707EB0 /* Feeling.swift in Sources */ = {isa = PBXBuildFile; fileRef = 5902B56C211E01E900707EB0 /* Feeling.swift */; };
		5902B573211E246500707EB0 /* ListMealCellView.swift in Sources */ = {isa = PBXBuildFile; fileRef = 5902B572211E246500707EB0 /* ListMealCellView.swift */; };
		59031CE0211E768200AFE685 /* AddFoodsToMealViewController.swift in Sources */ = {isa = PBXBuildFile; fileRef = 59031CDF211E768200AFE685 /* AddFoodsToMealViewController.swift */; };
		59044BED21251A5E00A6BF4D /* ViewPresenter.swift in Sources */ = {isa = PBXBuildFile; fileRef = 59044BEC21251A5E00A6BF4D /* ViewPresenter.swift */; };
		59044BF021251D1000A6BF4D /* FoodIteractor.swift in Sources */ = {isa = PBXBuildFile; fileRef = 59044BEF21251D1000A6BF4D /* FoodIteractor.swift */; };
		59044BF221251D1F00A6BF4D /* FoodPresenter.swift in Sources */ = {isa = PBXBuildFile; fileRef = 59044BF121251D1F00A6BF4D /* FoodPresenter.swift */; };
		59180429213483C900C6F2DE /* Level.swift in Sources */ = {isa = PBXBuildFile; fileRef = 59180428213483C900C6F2DE /* Level.swift */; };
		591EE2352134B4740087538B /* FoodService.swift in Sources */ = {isa = PBXBuildFile; fileRef = 591EE2342134B4740087538B /* FoodService.swift */; };
		591EE2372134C59D0087538B /* FoodPersistence.swift in Sources */ = {isa = PBXBuildFile; fileRef = 591EE2362134C59D0087538B /* FoodPersistence.swift */; };
		591EE23A2134D5560087538B /* SettingsService.swift in Sources */ = {isa = PBXBuildFile; fileRef = 591EE2392134D5560087538B /* SettingsService.swift */; };
		591EE23C2134D5630087538B /* SettingsIteractor.swift in Sources */ = {isa = PBXBuildFile; fileRef = 591EE23B2134D5630087538B /* SettingsIteractor.swift */; };
		591EE23E2134D62B0087538B /* SettingsPresenter.swift in Sources */ = {isa = PBXBuildFile; fileRef = 591EE23D2134D62B0087538B /* SettingsPresenter.swift */; };
		594DAC25212C983900E1729D /* String+Extensions.swift in Sources */ = {isa = PBXBuildFile; fileRef = 594DAC24212C983900E1729D /* String+Extensions.swift */; };
		594DAC27212CB27700E1729D /* about-app.md in Resources */ = {isa = PBXBuildFile; fileRef = 594DAC26212CAF8700E1729D /* about-app.md */; };
		594DAC2B212CB34F00E1729D /* general-rules.md in Resources */ = {isa = PBXBuildFile; fileRef = 594DAC28212CB30E00E1729D /* general-rules.md */; };
		594DAC2C212CB34F00E1729D /* how-to-input.md in Resources */ = {isa = PBXBuildFile; fileRef = 594DAC29212CB33200E1729D /* how-to-input.md */; };
		594DAC2D212CB34F00E1729D /* credits.md in Resources */ = {isa = PBXBuildFile; fileRef = 594DAC2A212CB33F00E1729D /* credits.md */; };
		59538C2B21226CEB0061147B /* MealService.swift in Sources */ = {isa = PBXBuildFile; fileRef = 59538C2A21226CEB0061147B /* MealService.swift */; };
		59538C2E21226D010061147B /* MealPresenter.swift in Sources */ = {isa = PBXBuildFile; fileRef = 59538C2D21226D010061147B /* MealPresenter.swift */; };
		59538C30212274BB0061147B /* MealIteractor.swift in Sources */ = {isa = PBXBuildFile; fileRef = 59538C2F212274BB0061147B /* MealIteractor.swift */; };
		59538C3221231A800061147B /* MealPersistence.swift in Sources */ = {isa = PBXBuildFile; fileRef = 59538C3121231A800061147B /* MealPersistence.swift */; };
		59538C3621231F5C0061147B /* MealRealmEntity.swift in Sources */ = {isa = PBXBuildFile; fileRef = 59538C3521231F5C0061147B /* MealRealmEntity.swift */; };
		59538C382123205C0061147B /* FoodRealmEntity.swift in Sources */ = {isa = PBXBuildFile; fileRef = 59538C372123205C0061147B /* FoodRealmEntity.swift */; };
		59538C3A212340CB0061147B /* Entities+Extensions.swift in Sources */ = {isa = PBXBuildFile; fileRef = 59538C39212340CB0061147B /* Entities+Extensions.swift */; };
		59538C3D2123615C0061147B /* MyMealsViewController.swift in Sources */ = {isa = PBXBuildFile; fileRef = 59538C3C2123615C0061147B /* MyMealsViewController.swift */; };
		59538C42212468650061147B /* Slider+Extensions.swift in Sources */ = {isa = PBXBuildFile; fileRef = 59538C41212468650061147B /* Slider+Extensions.swift */; };
		59538C4421248DDD0061147B /* GenerateReportViewController.swift in Sources */ = {isa = PBXBuildFile; fileRef = 59538C4321248DDD0061147B /* GenerateReportViewController.swift */; };
		59538C46212490F20061147B /* ViewController+Extensions.swift in Sources */ = {isa = PBXBuildFile; fileRef = 59538C45212490F20061147B /* ViewController+Extensions.swift */; };
		59538C482124C3FF0061147B /* Displayable.swift in Sources */ = {isa = PBXBuildFile; fileRef = 59538C472124C3FF0061147B /* Displayable.swift */; };
		59538C4A2124C5B10061147B /* MealType.swift in Sources */ = {isa = PBXBuildFile; fileRef = 59538C492124C5B10061147B /* MealType.swift */; };
		596516B0211F5E04005EE71D /* Food.swift in Sources */ = {isa = PBXBuildFile; fileRef = 596516AF211F5E04005EE71D /* Food.swift */; };
		59720C04211C8B6B00C0826B /* RegisterMealViewController.swift in Sources */ = {isa = PBXBuildFile; fileRef = 59720C03211C8B6B00C0826B /* RegisterMealViewController.swift */; };
		59720C06211CFEE200C0826B /* ImageCollectionViewController.swift in Sources */ = {isa = PBXBuildFile; fileRef = 59720C05211CFEE200C0826B /* ImageCollectionViewController.swift */; };
		59720C0B211D177C00C0826B /* ImageCollectionCellView.swift in Sources */ = {isa = PBXBuildFile; fileRef = 59720C0A211D177C00C0826B /* ImageCollectionCellView.swift */; };
		5981835E212AECD500814C24 /* AboutAppInfoViewController.swift in Sources */ = {isa = PBXBuildFile; fileRef = 5981835D212AECD500814C24 /* AboutAppInfoViewController.swift */; };
		59818362212AF4F500814C24 /* about.plist in Resources */ = {isa = PBXBuildFile; fileRef = 59818361212AF4F500814C24 /* about.plist */; };
		59818364212B62EF00814C24 /* MealReportRequest.swift in Sources */ = {isa = PBXBuildFile; fileRef = 59818363212B62EF00814C24 /* MealReportRequest.swift */; };
		59818366212BB5A800814C24 /* Assets.xcassets in Resources */ = {isa = PBXBuildFile; fileRef = 59818365212BB5A800814C24 /* Assets.xcassets */; };
		59928F1B212F9664003B9D7E /* AddFoodListCellView.swift in Sources */ = {isa = PBXBuildFile; fileRef = 59928F1A212F9664003B9D7E /* AddFoodListCellView.swift */; };
		599948CE212A1B2200700900 /* ReportService.swift in Sources */ = {isa = PBXBuildFile; fileRef = 599948CD212A1B2200700900 /* ReportService.swift */; };
		599948D0212A1B5E00700900 /* ReportInteractor.swift in Sources */ = {isa = PBXBuildFile; fileRef = 599948CF212A1B5E00700900 /* ReportInteractor.swift */; };
		599948D2212A1B7000700900 /* ReportPresenter.swift in Sources */ = {isa = PBXBuildFile; fileRef = 599948D1212A1B7000700900 /* ReportPresenter.swift */; };
		599948D4212A36E200700900 /* DisplayReportViewController.swift in Sources */ = {isa = PBXBuildFile; fileRef = 599948D3212A36E200700900 /* DisplayReportViewController.swift */; };
		599948D6212A5CDF00700900 /* AboutAppViewController.swift in Sources */ = {isa = PBXBuildFile; fileRef = 599948D5212A5CDF00700900 /* AboutAppViewController.swift */; };
		59A9E63D211D2E7F009B38A0 /* ListFoodTableViewController.swift in Sources */ = {isa = PBXBuildFile; fileRef = 59A9E63C211D2E7F009B38A0 /* ListFoodTableViewController.swift */; };
		59C705D8212125C7000423A4 /* FoodHttpService.swift in Sources */ = {isa = PBXBuildFile; fileRef = 59C705D7212125C7000423A4 /* FoodHttpService.swift */; };
		59D28816211A80B300CD38B7 /* AppDelegate.swift in Sources */ = {isa = PBXBuildFile; fileRef = 59D28815211A80B300CD38B7 /* AppDelegate.swift */; };
		59D28818211A80B300CD38B7 /* DailyMealsViewController.swift in Sources */ = {isa = PBXBuildFile; fileRef = 59D28817211A80B300CD38B7 /* DailyMealsViewController.swift */; };
		59D2881B211A80B300CD38B7 /* Main.storyboard in Resources */ = {isa = PBXBuildFile; fileRef = 59D28819211A80B300CD38B7 /* Main.storyboard */; };
		59D28820211A80B400CD38B7 /* LaunchScreen.storyboard in Resources */ = {isa = PBXBuildFile; fileRef = 59D2881E211A80B400CD38B7 /* LaunchScreen.storyboard */; };
		59D2882B211A80B400CD38B7 /* Coma_CertoTests.swift in Sources */ = {isa = PBXBuildFile; fileRef = 59D2882A211A80B400CD38B7 /* Coma_CertoTests.swift */; };
		59D28836211A80B400CD38B7 /* Coma_CertoUITests.swift in Sources */ = {isa = PBXBuildFile; fileRef = 59D28835211A80B400CD38B7 /* Coma_CertoUITests.swift */; };
		59F64EE2213085AE007759BA /* SettingsViewController.swift in Sources */ = {isa = PBXBuildFile; fileRef = 59F64EE1213085AE007759BA /* SettingsViewController.swift */; };
		59F64EE421309285007759BA /* Preferences.swift in Sources */ = {isa = PBXBuildFile; fileRef = 59F64EE321309285007759BA /* Preferences.swift */; };
		59F64EE72130A001007759BA /* SettingsHourCell.swift in Sources */ = {isa = PBXBuildFile; fileRef = 59F64EE62130A001007759BA /* SettingsHourCell.swift */; };
		782E3B17E67DB2D6C920D4F3 /* Pods_Coma_CertoTests.framework in Frameworks */ = {isa = PBXBuildFile; fileRef = D6DCB1157A44DDF29BE4393E /* Pods_Coma_CertoTests.framework */; };
		DDDC202D4E6333106AF3B768 /* Pods_Coma_Certo.framework in Frameworks */ = {isa = PBXBuildFile; fileRef = 05C3673518273A41C5D8B498 /* Pods_Coma_Certo.framework */; };
/* End PBXBuildFile section */

/* Begin PBXContainerItemProxy section */
		59D28827211A80B400CD38B7 /* PBXContainerItemProxy */ = {
			isa = PBXContainerItemProxy;
			containerPortal = 59D2880A211A80B300CD38B7 /* Project object */;
			proxyType = 1;
			remoteGlobalIDString = 59D28811211A80B300CD38B7;
			remoteInfo = "Coma Certo";
		};
		59D28832211A80B400CD38B7 /* PBXContainerItemProxy */ = {
			isa = PBXContainerItemProxy;
			containerPortal = 59D2880A211A80B300CD38B7 /* Project object */;
			proxyType = 1;
			remoteGlobalIDString = 59D28811211A80B300CD38B7;
			remoteInfo = "Coma Certo";
		};
/* End PBXContainerItemProxy section */

/* Begin PBXFileReference section */
		0368110BC24D296744BBB629 /* Pods-Coma Certo.debug.xcconfig */ = {isa = PBXFileReference; includeInIndex = 1; lastKnownFileType = text.xcconfig; name = "Pods-Coma Certo.debug.xcconfig"; path = "Pods/Target Support Files/Pods-Coma Certo/Pods-Coma Certo.debug.xcconfig"; sourceTree = "<group>"; };
		05C3673518273A41C5D8B498 /* Pods_Coma_Certo.framework */ = {isa = PBXFileReference; explicitFileType = wrapper.framework; includeInIndex = 0; path = Pods_Coma_Certo.framework; sourceTree = BUILT_PRODUCTS_DIR; };
		0F853C3F518710C9C20972EB /* Pods_Coma_CertoUITests.framework */ = {isa = PBXFileReference; explicitFileType = wrapper.framework; includeInIndex = 0; path = Pods_Coma_CertoUITests.framework; sourceTree = BUILT_PRODUCTS_DIR; };
		18ECE2BC0CA7C7C6611FAB2A /* Pods-Coma CertoTests.release.xcconfig */ = {isa = PBXFileReference; includeInIndex = 1; lastKnownFileType = text.xcconfig; name = "Pods-Coma CertoTests.release.xcconfig"; path = "Pods/Target Support Files/Pods-Coma CertoTests/Pods-Coma CertoTests.release.xcconfig"; sourceTree = "<group>"; };
		5902B567211DD20100707EB0 /* Date+Extensions.swift */ = {isa = PBXFileReference; lastKnownFileType = sourcecode.swift; path = "Date+Extensions.swift"; sourceTree = "<group>"; };
		5902B569211E013300707EB0 /* Meal.swift */ = {isa = PBXFileReference; lastKnownFileType = sourcecode.swift; path = Meal.swift; sourceTree = "<group>"; };
		5902B56C211E01E900707EB0 /* Feeling.swift */ = {isa = PBXFileReference; lastKnownFileType = sourcecode.swift; path = Feeling.swift; sourceTree = "<group>"; };
		5902B572211E246500707EB0 /* ListMealCellView.swift */ = {isa = PBXFileReference; lastKnownFileType = sourcecode.swift; path = ListMealCellView.swift; sourceTree = "<group>"; };
		59031CDF211E768200AFE685 /* AddFoodsToMealViewController.swift */ = {isa = PBXFileReference; lastKnownFileType = sourcecode.swift; path = AddFoodsToMealViewController.swift; sourceTree = "<group>"; };
		59044BEC21251A5E00A6BF4D /* ViewPresenter.swift */ = {isa = PBXFileReference; lastKnownFileType = sourcecode.swift; path = ViewPresenter.swift; sourceTree = "<group>"; };
		59044BEF21251D1000A6BF4D /* FoodIteractor.swift */ = {isa = PBXFileReference; lastKnownFileType = sourcecode.swift; path = FoodIteractor.swift; sourceTree = "<group>"; };
		59044BF121251D1F00A6BF4D /* FoodPresenter.swift */ = {isa = PBXFileReference; lastKnownFileType = sourcecode.swift; path = FoodPresenter.swift; sourceTree = "<group>"; };
		59180428213483C900C6F2DE /* Level.swift */ = {isa = PBXFileReference; lastKnownFileType = sourcecode.swift; path = Level.swift; sourceTree = "<group>"; };
		591EE2342134B4740087538B /* FoodService.swift */ = {isa = PBXFileReference; lastKnownFileType = sourcecode.swift; path = FoodService.swift; sourceTree = "<group>"; };
		591EE2362134C59D0087538B /* FoodPersistence.swift */ = {isa = PBXFileReference; lastKnownFileType = sourcecode.swift; path = FoodPersistence.swift; sourceTree = "<group>"; };
		591EE2392134D5560087538B /* SettingsService.swift */ = {isa = PBXFileReference; lastKnownFileType = sourcecode.swift; path = SettingsService.swift; sourceTree = "<group>"; };
		591EE23B2134D5630087538B /* SettingsIteractor.swift */ = {isa = PBXFileReference; lastKnownFileType = sourcecode.swift; path = SettingsIteractor.swift; sourceTree = "<group>"; };
		591EE23D2134D62B0087538B /* SettingsPresenter.swift */ = {isa = PBXFileReference; lastKnownFileType = sourcecode.swift; path = SettingsPresenter.swift; sourceTree = "<group>"; };
		594DAC24212C983900E1729D /* String+Extensions.swift */ = {isa = PBXFileReference; lastKnownFileType = sourcecode.swift; path = "String+Extensions.swift"; sourceTree = "<group>"; };
		594DAC26212CAF8700E1729D /* about-app.md */ = {isa = PBXFileReference; lastKnownFileType = net.daringfireball.markdown; path = "about-app.md"; sourceTree = "<group>"; };
		594DAC28212CB30E00E1729D /* general-rules.md */ = {isa = PBXFileReference; lastKnownFileType = net.daringfireball.markdown; path = "general-rules.md"; sourceTree = "<group>"; };
		594DAC29212CB33200E1729D /* how-to-input.md */ = {isa = PBXFileReference; lastKnownFileType = net.daringfireball.markdown; path = "how-to-input.md"; sourceTree = "<group>"; };
		594DAC2A212CB33F00E1729D /* credits.md */ = {isa = PBXFileReference; lastKnownFileType = net.daringfireball.markdown; path = credits.md; sourceTree = "<group>"; };
		59538C2A21226CEB0061147B /* MealService.swift */ = {isa = PBXFileReference; lastKnownFileType = sourcecode.swift; path = MealService.swift; sourceTree = "<group>"; };
		59538C2D21226D010061147B /* MealPresenter.swift */ = {isa = PBXFileReference; lastKnownFileType = sourcecode.swift; path = MealPresenter.swift; sourceTree = "<group>"; };
		59538C2F212274BB0061147B /* MealIteractor.swift */ = {isa = PBXFileReference; lastKnownFileType = sourcecode.swift; path = MealIteractor.swift; sourceTree = "<group>"; };
		59538C3121231A800061147B /* MealPersistence.swift */ = {isa = PBXFileReference; lastKnownFileType = sourcecode.swift; path = MealPersistence.swift; sourceTree = "<group>"; };
		59538C3521231F5C0061147B /* MealRealmEntity.swift */ = {isa = PBXFileReference; lastKnownFileType = sourcecode.swift; path = MealRealmEntity.swift; sourceTree = "<group>"; };
		59538C372123205C0061147B /* FoodRealmEntity.swift */ = {isa = PBXFileReference; lastKnownFileType = sourcecode.swift; path = FoodRealmEntity.swift; sourceTree = "<group>"; };
		59538C39212340CB0061147B /* Entities+Extensions.swift */ = {isa = PBXFileReference; lastKnownFileType = sourcecode.swift; path = "Entities+Extensions.swift"; sourceTree = "<group>"; };
		59538C3C2123615C0061147B /* MyMealsViewController.swift */ = {isa = PBXFileReference; lastKnownFileType = sourcecode.swift; path = MyMealsViewController.swift; sourceTree = "<group>"; };
		59538C41212468650061147B /* Slider+Extensions.swift */ = {isa = PBXFileReference; lastKnownFileType = sourcecode.swift; path = "Slider+Extensions.swift"; sourceTree = "<group>"; };
		59538C4321248DDD0061147B /* GenerateReportViewController.swift */ = {isa = PBXFileReference; lastKnownFileType = sourcecode.swift; path = GenerateReportViewController.swift; sourceTree = "<group>"; };
		59538C45212490F20061147B /* ViewController+Extensions.swift */ = {isa = PBXFileReference; lastKnownFileType = sourcecode.swift; path = "ViewController+Extensions.swift"; sourceTree = "<group>"; };
		59538C472124C3FF0061147B /* Displayable.swift */ = {isa = PBXFileReference; lastKnownFileType = sourcecode.swift; path = Displayable.swift; sourceTree = "<group>"; };
		59538C492124C5B10061147B /* MealType.swift */ = {isa = PBXFileReference; lastKnownFileType = sourcecode.swift; path = MealType.swift; sourceTree = "<group>"; };
		596516AF211F5E04005EE71D /* Food.swift */ = {isa = PBXFileReference; lastKnownFileType = sourcecode.swift; path = Food.swift; sourceTree = "<group>"; };
		59720C03211C8B6B00C0826B /* RegisterMealViewController.swift */ = {isa = PBXFileReference; lastKnownFileType = sourcecode.swift; path = RegisterMealViewController.swift; sourceTree = "<group>"; };
		59720C05211CFEE200C0826B /* ImageCollectionViewController.swift */ = {isa = PBXFileReference; lastKnownFileType = sourcecode.swift; path = ImageCollectionViewController.swift; sourceTree = "<group>"; };
		59720C0A211D177C00C0826B /* ImageCollectionCellView.swift */ = {isa = PBXFileReference; lastKnownFileType = sourcecode.swift; path = ImageCollectionCellView.swift; sourceTree = "<group>"; };
		5981835D212AECD500814C24 /* AboutAppInfoViewController.swift */ = {isa = PBXFileReference; lastKnownFileType = sourcecode.swift; path = AboutAppInfoViewController.swift; sourceTree = "<group>"; };
		59818361212AF4F500814C24 /* about.plist */ = {isa = PBXFileReference; fileEncoding = 4; lastKnownFileType = text.plist.xml; path = about.plist; sourceTree = "<group>"; };
		59818363212B62EF00814C24 /* MealReportRequest.swift */ = {isa = PBXFileReference; lastKnownFileType = sourcecode.swift; path = MealReportRequest.swift; sourceTree = "<group>"; };
		59818365212BB5A800814C24 /* Assets.xcassets */ = {isa = PBXFileReference; lastKnownFileType = folder.assetcatalog; path = Assets.xcassets; sourceTree = "<group>"; };
		59928F1A212F9664003B9D7E /* AddFoodListCellView.swift */ = {isa = PBXFileReference; lastKnownFileType = sourcecode.swift; path = AddFoodListCellView.swift; sourceTree = "<group>"; };
		599948CD212A1B2200700900 /* ReportService.swift */ = {isa = PBXFileReference; lastKnownFileType = sourcecode.swift; path = ReportService.swift; sourceTree = "<group>"; };
		599948CF212A1B5E00700900 /* ReportInteractor.swift */ = {isa = PBXFileReference; lastKnownFileType = sourcecode.swift; path = ReportInteractor.swift; sourceTree = "<group>"; };
		599948D1212A1B7000700900 /* ReportPresenter.swift */ = {isa = PBXFileReference; lastKnownFileType = sourcecode.swift; path = ReportPresenter.swift; sourceTree = "<group>"; };
		599948D3212A36E200700900 /* DisplayReportViewController.swift */ = {isa = PBXFileReference; lastKnownFileType = sourcecode.swift; path = DisplayReportViewController.swift; sourceTree = "<group>"; };
		599948D5212A5CDF00700900 /* AboutAppViewController.swift */ = {isa = PBXFileReference; lastKnownFileType = sourcecode.swift; path = AboutAppViewController.swift; sourceTree = "<group>"; };
		59A9E63C211D2E7F009B38A0 /* ListFoodTableViewController.swift */ = {isa = PBXFileReference; lastKnownFileType = sourcecode.swift; path = ListFoodTableViewController.swift; sourceTree = "<group>"; };
		59C705D7212125C7000423A4 /* FoodHttpService.swift */ = {isa = PBXFileReference; lastKnownFileType = sourcecode.swift; path = FoodHttpService.swift; sourceTree = "<group>"; };
		59D28812211A80B300CD38B7 /* Coma Certo.app */ = {isa = PBXFileReference; explicitFileType = wrapper.application; includeInIndex = 0; path = "Coma Certo.app"; sourceTree = BUILT_PRODUCTS_DIR; };
		59D28815211A80B300CD38B7 /* AppDelegate.swift */ = {isa = PBXFileReference; lastKnownFileType = sourcecode.swift; path = AppDelegate.swift; sourceTree = "<group>"; };
		59D28817211A80B300CD38B7 /* DailyMealsViewController.swift */ = {isa = PBXFileReference; lastKnownFileType = sourcecode.swift; path = DailyMealsViewController.swift; sourceTree = "<group>"; };
		59D2881A211A80B300CD38B7 /* Base */ = {isa = PBXFileReference; lastKnownFileType = file.storyboard; name = Base; path = Base.lproj/Main.storyboard; sourceTree = "<group>"; };
		59D2881F211A80B400CD38B7 /* Base */ = {isa = PBXFileReference; lastKnownFileType = file.storyboard; name = Base; path = Base.lproj/LaunchScreen.storyboard; sourceTree = "<group>"; };
		59D28821211A80B400CD38B7 /* Info.plist */ = {isa = PBXFileReference; lastKnownFileType = text.plist.xml; path = Info.plist; sourceTree = "<group>"; };
		59D28826211A80B400CD38B7 /* Coma CertoTests.xctest */ = {isa = PBXFileReference; explicitFileType = wrapper.cfbundle; includeInIndex = 0; path = "Coma CertoTests.xctest"; sourceTree = BUILT_PRODUCTS_DIR; };
		59D2882A211A80B400CD38B7 /* Coma_CertoTests.swift */ = {isa = PBXFileReference; lastKnownFileType = sourcecode.swift; path = Coma_CertoTests.swift; sourceTree = "<group>"; };
		59D2882C211A80B400CD38B7 /* Info.plist */ = {isa = PBXFileReference; lastKnownFileType = text.plist.xml; path = Info.plist; sourceTree = "<group>"; };
		59D28831211A80B400CD38B7 /* Coma CertoUITests.xctest */ = {isa = PBXFileReference; explicitFileType = wrapper.cfbundle; includeInIndex = 0; path = "Coma CertoUITests.xctest"; sourceTree = BUILT_PRODUCTS_DIR; };
		59D28835211A80B400CD38B7 /* Coma_CertoUITests.swift */ = {isa = PBXFileReference; lastKnownFileType = sourcecode.swift; path = Coma_CertoUITests.swift; sourceTree = "<group>"; };
		59D28837211A80B400CD38B7 /* Info.plist */ = {isa = PBXFileReference; lastKnownFileType = text.plist.xml; path = Info.plist; sourceTree = "<group>"; };
		59F64EE1213085AE007759BA /* SettingsViewController.swift */ = {isa = PBXFileReference; lastKnownFileType = sourcecode.swift; path = SettingsViewController.swift; sourceTree = "<group>"; };
		59F64EE321309285007759BA /* Preferences.swift */ = {isa = PBXFileReference; lastKnownFileType = sourcecode.swift; path = Preferences.swift; sourceTree = "<group>"; };
		59F64EE62130A001007759BA /* SettingsHourCell.swift */ = {isa = PBXFileReference; lastKnownFileType = sourcecode.swift; path = SettingsHourCell.swift; sourceTree = "<group>"; };
		71107D5B0984A01E6044D8F1 /* Pods-Coma CertoTests.debug.xcconfig */ = {isa = PBXFileReference; includeInIndex = 1; lastKnownFileType = text.xcconfig; name = "Pods-Coma CertoTests.debug.xcconfig"; path = "Pods/Target Support Files/Pods-Coma CertoTests/Pods-Coma CertoTests.debug.xcconfig"; sourceTree = "<group>"; };
		8F0CCA0A452B7980D8B10C1E /* Pods-Coma CertoUITests.debug.xcconfig */ = {isa = PBXFileReference; includeInIndex = 1; lastKnownFileType = text.xcconfig; name = "Pods-Coma CertoUITests.debug.xcconfig"; path = "Pods/Target Support Files/Pods-Coma CertoUITests/Pods-Coma CertoUITests.debug.xcconfig"; sourceTree = "<group>"; };
		D00B0633BF8963A4FA605337 /* Pods-Coma Certo.release.xcconfig */ = {isa = PBXFileReference; includeInIndex = 1; lastKnownFileType = text.xcconfig; name = "Pods-Coma Certo.release.xcconfig"; path = "Pods/Target Support Files/Pods-Coma Certo/Pods-Coma Certo.release.xcconfig"; sourceTree = "<group>"; };
		D6DCB1157A44DDF29BE4393E /* Pods_Coma_CertoTests.framework */ = {isa = PBXFileReference; explicitFileType = wrapper.framework; includeInIndex = 0; path = Pods_Coma_CertoTests.framework; sourceTree = BUILT_PRODUCTS_DIR; };
		EF20272C37E46AD3353DE26A /* Pods-Coma CertoUITests.release.xcconfig */ = {isa = PBXFileReference; includeInIndex = 1; lastKnownFileType = text.xcconfig; name = "Pods-Coma CertoUITests.release.xcconfig"; path = "Pods/Target Support Files/Pods-Coma CertoUITests/Pods-Coma CertoUITests.release.xcconfig"; sourceTree = "<group>"; };
/* End PBXFileReference section */

/* Begin PBXFrameworksBuildPhase section */
		59D2880F211A80B300CD38B7 /* Frameworks */ = {
			isa = PBXFrameworksBuildPhase;
			buildActionMask = 2147483647;
			files = (
				DDDC202D4E6333106AF3B768 /* Pods_Coma_Certo.framework in Frameworks */,
			);
			runOnlyForDeploymentPostprocessing = 0;
		};
		59D28823211A80B400CD38B7 /* Frameworks */ = {
			isa = PBXFrameworksBuildPhase;
			buildActionMask = 2147483647;
			files = (
				782E3B17E67DB2D6C920D4F3 /* Pods_Coma_CertoTests.framework in Frameworks */,
			);
			runOnlyForDeploymentPostprocessing = 0;
		};
		59D2882E211A80B400CD38B7 /* Frameworks */ = {
			isa = PBXFrameworksBuildPhase;
			buildActionMask = 2147483647;
			files = (
				0D9D5467775099C34AD9115D /* Pods_Coma_CertoUITests.framework in Frameworks */,
			);
			runOnlyForDeploymentPostprocessing = 0;
		};
/* End PBXFrameworksBuildPhase section */

/* Begin PBXGroup section */
		3E7A67C34DFAE68E8AF86BE2 /* Pods */ = {
			isa = PBXGroup;
			children = (
				0368110BC24D296744BBB629 /* Pods-Coma Certo.debug.xcconfig */,
				D00B0633BF8963A4FA605337 /* Pods-Coma Certo.release.xcconfig */,
				71107D5B0984A01E6044D8F1 /* Pods-Coma CertoTests.debug.xcconfig */,
				18ECE2BC0CA7C7C6611FAB2A /* Pods-Coma CertoTests.release.xcconfig */,
				8F0CCA0A452B7980D8B10C1E /* Pods-Coma CertoUITests.debug.xcconfig */,
				EF20272C37E46AD3353DE26A /* Pods-Coma CertoUITests.release.xcconfig */,
			);
			name = Pods;
			sourceTree = "<group>";
		};
		5902B565211DD1E100707EB0 /* Core */ = {
			isa = PBXGroup;
			children = (
				59F64EE52130928A007759BA /* Preferences */,
				59538C3321231A860061147B /* Persistence */,
				59C705D6212125B4000423A4 /* Services */,
				5902B56B211E014C00707EB0 /* Entities */,
				5902B566211DD1EE00707EB0 /* Extensions */,
			);
			path = Core;
			sourceTree = "<group>";
		};
		5902B566211DD1EE00707EB0 /* Extensions */ = {
			isa = PBXGroup;
			children = (
				5902B567211DD20100707EB0 /* Date+Extensions.swift */,
				594DAC24212C983900E1729D /* String+Extensions.swift */,
			);
			path = Extensions;
			sourceTree = "<group>";
		};
		5902B56B211E014C00707EB0 /* Entities */ = {
			isa = PBXGroup;
			children = (
				59538C492124C5B10061147B /* MealType.swift */,
				5902B569211E013300707EB0 /* Meal.swift */,
				5902B56C211E01E900707EB0 /* Feeling.swift */,
				596516AF211F5E04005EE71D /* Food.swift */,
				59538C472124C3FF0061147B /* Displayable.swift */,
				59180428213483C900C6F2DE /* Level.swift */,
			);
			path = Entities;
			sourceTree = "<group>";
		};
		59044BEE21251CFC00A6BF4D /* Foods */ = {
			isa = PBXGroup;
			children = (
				59C705D7212125C7000423A4 /* FoodHttpService.swift */,
				59044BEF21251D1000A6BF4D /* FoodIteractor.swift */,
				59044BF121251D1F00A6BF4D /* FoodPresenter.swift */,
				591EE2342134B4740087538B /* FoodService.swift */,
			);
			path = Foods;
			sourceTree = "<group>";
		};
		591EE2382134D5410087538B /* Settings */ = {
			isa = PBXGroup;
			children = (
				591EE2392134D5560087538B /* SettingsService.swift */,
				591EE23B2134D5630087538B /* SettingsIteractor.swift */,
				591EE23D2134D62B0087538B /* SettingsPresenter.swift */,
			);
			path = Settings;
			sourceTree = "<group>";
		};
		59538C2C21226CF00061147B /* Meal */ = {
			isa = PBXGroup;
			children = (
				59538C2A21226CEB0061147B /* MealService.swift */,
				59538C2D21226D010061147B /* MealPresenter.swift */,
				59538C2F212274BB0061147B /* MealIteractor.swift */,
			);
			path = Meal;
			sourceTree = "<group>";
		};
		59538C3321231A860061147B /* Persistence */ = {
			isa = PBXGroup;
			children = (
				59538C3421231F4D0061147B /* Entities */,
				59538C3121231A800061147B /* MealPersistence.swift */,
				591EE2362134C59D0087538B /* FoodPersistence.swift */,
			);
			path = Persistence;
			sourceTree = "<group>";
		};
		59538C3421231F4D0061147B /* Entities */ = {
			isa = PBXGroup;
			children = (
				59538C3521231F5C0061147B /* MealRealmEntity.swift */,
				59538C372123205C0061147B /* FoodRealmEntity.swift */,
				59538C39212340CB0061147B /* Entities+Extensions.swift */,
			);
			path = Entities;
			sourceTree = "<group>";
		};
		59538C3B2123613D0061147B /* My Meals */ = {
			isa = PBXGroup;
			children = (
				59538C3C2123615C0061147B /* MyMealsViewController.swift */,
			);
			path = "My Meals";
			sourceTree = "<group>";
		};
		59538C3E2123700B0061147B /* Reports */ = {
			isa = PBXGroup;
			children = (
				59538C4321248DDD0061147B /* GenerateReportViewController.swift */,
				599948D3212A36E200700900 /* DisplayReportViewController.swift */,
			);
			path = Reports;
			sourceTree = "<group>";
		};
		59538C3F212370150061147B /* About */ = {
			isa = PBXGroup;
			children = (
				599948D5212A5CDF00700900 /* AboutAppViewController.swift */,
				5981835D212AECD500814C24 /* AboutAppInfoViewController.swift */,
			);
			path = About;
			sourceTree = "<group>";
		};
		59538C40212468420061147B /* Extensions */ = {
			isa = PBXGroup;
			children = (
				59538C41212468650061147B /* Slider+Extensions.swift */,
				59538C45212490F20061147B /* ViewController+Extensions.swift */,
			);
			path = Extensions;
			sourceTree = "<group>";
		};
		59720C01211C8B3500C0826B /* View */ = {
			isa = PBXGroup;
			children = (
				59F64EE021308597007759BA /* Settings */,
				59538C40212468420061147B /* Extensions */,
				59538C3F212370150061147B /* About */,
				59538C3E2123700B0061147B /* Reports */,
				59720C02211C8B3B00C0826B /* DailyMeals */,
				59538C3B2123613D0061147B /* My Meals */,
			);
			path = View;
			sourceTree = "<group>";
		};
		59720C02211C8B3B00C0826B /* DailyMeals */ = {
			isa = PBXGroup;
			children = (
				59720C09211D175500C0826B /* Cells */,
				59720C07211CFEEB00C0826B /* ViewControllers */,
			);
			path = DailyMeals;
			sourceTree = "<group>";
		};
		59720C07211CFEEB00C0826B /* ViewControllers */ = {
			isa = PBXGroup;
			children = (
				59D28817211A80B300CD38B7 /* DailyMealsViewController.swift */,
				59720C03211C8B6B00C0826B /* RegisterMealViewController.swift */,
				59720C05211CFEE200C0826B /* ImageCollectionViewController.swift */,
				59A9E63C211D2E7F009B38A0 /* ListFoodTableViewController.swift */,
				59031CDF211E768200AFE685 /* AddFoodsToMealViewController.swift */,
			);
			path = ViewControllers;
			sourceTree = "<group>";
		};
		59720C09211D175500C0826B /* Cells */ = {
			isa = PBXGroup;
			children = (
				59720C0A211D177C00C0826B /* ImageCollectionCellView.swift */,
				5902B572211E246500707EB0 /* ListMealCellView.swift */,
				59928F1A212F9664003B9D7E /* AddFoodListCellView.swift */,
			);
			path = Cells;
			sourceTree = "<group>";
		};
		599948CC212A1AFD00700900 /* Reports */ = {
			isa = PBXGroup;
			children = (
				599948CD212A1B2200700900 /* ReportService.swift */,
				599948CF212A1B5E00700900 /* ReportInteractor.swift */,
				599948D1212A1B7000700900 /* ReportPresenter.swift */,
				59818363212B62EF00814C24 /* MealReportRequest.swift */,
			);
			path = Reports;
			sourceTree = "<group>";
		};
		59C705D6212125B4000423A4 /* Services */ = {
			isa = PBXGroup;
			children = (
				591EE2382134D5410087538B /* Settings */,
				599948CC212A1AFD00700900 /* Reports */,
				59044BEE21251CFC00A6BF4D /* Foods */,
				59538C2C21226CF00061147B /* Meal */,
				59044BEC21251A5E00A6BF4D /* ViewPresenter.swift */,
			);
			path = Services;
			sourceTree = "<group>";
		};
		59D28809211A80B300CD38B7 = {
			isa = PBXGroup;
			children = (
				59D28814211A80B300CD38B7 /* Coma Certo */,
				59D28829211A80B400CD38B7 /* Coma CertoTests */,
				59D28834211A80B400CD38B7 /* Coma CertoUITests */,
				59D28813211A80B300CD38B7 /* Products */,
				3E7A67C34DFAE68E8AF86BE2 /* Pods */,
				6219415686C4E0BBC3DAFD41 /* Frameworks */,
			);
			sourceTree = "<group>";
		};
		59D28813211A80B300CD38B7 /* Products */ = {
			isa = PBXGroup;
			children = (
				59D28812211A80B300CD38B7 /* Coma Certo.app */,
				59D28826211A80B400CD38B7 /* Coma CertoTests.xctest */,
				59D28831211A80B400CD38B7 /* Coma CertoUITests.xctest */,
			);
			name = Products;
			sourceTree = "<group>";
		};
		59D28814211A80B300CD38B7 /* Coma Certo */ = {
			isa = PBXGroup;
			children = (
				5902B565211DD1E100707EB0 /* Core */,
				59720C01211C8B3500C0826B /* View */,
				59D28815211A80B300CD38B7 /* AppDelegate.swift */,
				59D28819211A80B300CD38B7 /* Main.storyboard */,
				59D2881E211A80B400CD38B7 /* LaunchScreen.storyboard */,
				59D28821211A80B400CD38B7 /* Info.plist */,
				59818361212AF4F500814C24 /* about.plist */,
				59818365212BB5A800814C24 /* Assets.xcassets */,
				594DAC26212CAF8700E1729D /* about-app.md */,
				594DAC28212CB30E00E1729D /* general-rules.md */,
				594DAC29212CB33200E1729D /* how-to-input.md */,
				594DAC2A212CB33F00E1729D /* credits.md */,
			);
			path = "Coma Certo";
			sourceTree = "<group>";
		};
		59D28829211A80B400CD38B7 /* Coma CertoTests */ = {
			isa = PBXGroup;
			children = (
				59D2882A211A80B400CD38B7 /* Coma_CertoTests.swift */,
				59D2882C211A80B400CD38B7 /* Info.plist */,
			);
			path = "Coma CertoTests";
			sourceTree = "<group>";
		};
		59D28834211A80B400CD38B7 /* Coma CertoUITests */ = {
			isa = PBXGroup;
			children = (
				59D28835211A80B400CD38B7 /* Coma_CertoUITests.swift */,
				59D28837211A80B400CD38B7 /* Info.plist */,
			);
			path = "Coma CertoUITests";
			sourceTree = "<group>";
		};
		59F64EE021308597007759BA /* Settings */ = {
			isa = PBXGroup;
			children = (
				59F64EE1213085AE007759BA /* SettingsViewController.swift */,
				59F64EE62130A001007759BA /* SettingsHourCell.swift */,
			);
			path = Settings;
			sourceTree = "<group>";
		};
		59F64EE52130928A007759BA /* Preferences */ = {
			isa = PBXGroup;
			children = (
				59F64EE321309285007759BA /* Preferences.swift */,
			);
			path = Preferences;
			sourceTree = "<group>";
		};
		6219415686C4E0BBC3DAFD41 /* Frameworks */ = {
			isa = PBXGroup;
			children = (
				05C3673518273A41C5D8B498 /* Pods_Coma_Certo.framework */,
				D6DCB1157A44DDF29BE4393E /* Pods_Coma_CertoTests.framework */,
				0F853C3F518710C9C20972EB /* Pods_Coma_CertoUITests.framework */,
			);
			name = Frameworks;
			sourceTree = "<group>";
		};
/* End PBXGroup section */

/* Begin PBXNativeTarget section */
		59D28811211A80B300CD38B7 /* Coma Certo */ = {
			isa = PBXNativeTarget;
			buildConfigurationList = 59D2883A211A80B400CD38B7 /* Build configuration list for PBXNativeTarget "Coma Certo" */;
			buildPhases = (
				63B01C0673239695344B8ACF /* [CP] Check Pods Manifest.lock */,
				59D2880E211A80B300CD38B7 /* Sources */,
				59D2880F211A80B300CD38B7 /* Frameworks */,
				59D28810211A80B300CD38B7 /* Resources */,
				60F453C1DEE50BF8BEAC34A6 /* [CP] Embed Pods Frameworks */,
			);
			buildRules = (
			);
			dependencies = (
			);
			name = "Coma Certo";
			productName = "Coma Certo";
			productReference = 59D28812211A80B300CD38B7 /* Coma Certo.app */;
			productType = "com.apple.product-type.application";
		};
		59D28825211A80B400CD38B7 /* Coma CertoTests */ = {
			isa = PBXNativeTarget;
			buildConfigurationList = 59D2883D211A80B400CD38B7 /* Build configuration list for PBXNativeTarget "Coma CertoTests" */;
			buildPhases = (
				E8A1D4A8C34E6F0D2945191D /* [CP] Check Pods Manifest.lock */,
				59D28822211A80B400CD38B7 /* Sources */,
				59D28823211A80B400CD38B7 /* Frameworks */,
				59D28824211A80B400CD38B7 /* Resources */,
			);
			buildRules = (
			);
			dependencies = (
				59D28828211A80B400CD38B7 /* PBXTargetDependency */,
			);
			name = "Coma CertoTests";
			productName = "Coma CertoTests";
			productReference = 59D28826211A80B400CD38B7 /* Coma CertoTests.xctest */;
			productType = "com.apple.product-type.bundle.unit-test";
		};
		59D28830211A80B400CD38B7 /* Coma CertoUITests */ = {
			isa = PBXNativeTarget;
			buildConfigurationList = 59D28840211A80B400CD38B7 /* Build configuration list for PBXNativeTarget "Coma CertoUITests" */;
			buildPhases = (
				51F8E150BEF95F95A6D02806 /* [CP] Check Pods Manifest.lock */,
				59D2882D211A80B400CD38B7 /* Sources */,
				59D2882E211A80B400CD38B7 /* Frameworks */,
				59D2882F211A80B400CD38B7 /* Resources */,
			);
			buildRules = (
			);
			dependencies = (
				59D28833211A80B400CD38B7 /* PBXTargetDependency */,
			);
			name = "Coma CertoUITests";
			productName = "Coma CertoUITests";
			productReference = 59D28831211A80B400CD38B7 /* Coma CertoUITests.xctest */;
			productType = "com.apple.product-type.bundle.ui-testing";
		};
/* End PBXNativeTarget section */

/* Begin PBXProject section */
		59D2880A211A80B300CD38B7 /* Project object */ = {
			isa = PBXProject;
			attributes = {
				LastSwiftUpdateCheck = 0940;
				LastUpgradeCheck = 0940;
				ORGANIZATIONNAME = "Eduardo Soares";
				TargetAttributes = {
					59D28811211A80B300CD38B7 = {
						CreatedOnToolsVersion = 9.4.1;
					};
					59D28825211A80B400CD38B7 = {
						CreatedOnToolsVersion = 9.4.1;
						TestTargetID = 59D28811211A80B300CD38B7;
					};
					59D28830211A80B400CD38B7 = {
						CreatedOnToolsVersion = 9.4.1;
						TestTargetID = 59D28811211A80B300CD38B7;
					};
				};
			};
			buildConfigurationList = 59D2880D211A80B300CD38B7 /* Build configuration list for PBXProject "Coma Certo" */;
			compatibilityVersion = "Xcode 9.3";
			developmentRegion = en;
			hasScannedForEncodings = 0;
			knownRegions = (
				en,
				Base,
			);
			mainGroup = 59D28809211A80B300CD38B7;
			productRefGroup = 59D28813211A80B300CD38B7 /* Products */;
			projectDirPath = "";
			projectRoot = "";
			targets = (
				59D28811211A80B300CD38B7 /* Coma Certo */,
				59D28825211A80B400CD38B7 /* Coma CertoTests */,
				59D28830211A80B400CD38B7 /* Coma CertoUITests */,
			);
		};
/* End PBXProject section */

/* Begin PBXResourcesBuildPhase section */
		59D28810211A80B300CD38B7 /* Resources */ = {
			isa = PBXResourcesBuildPhase;
			buildActionMask = 2147483647;
			files = (
				594DAC2B212CB34F00E1729D /* general-rules.md in Resources */,
				594DAC2C212CB34F00E1729D /* how-to-input.md in Resources */,
				594DAC2D212CB34F00E1729D /* credits.md in Resources */,
				594DAC27212CB27700E1729D /* about-app.md in Resources */,
				59818362212AF4F500814C24 /* about.plist in Resources */,
				59D28820211A80B400CD38B7 /* LaunchScreen.storyboard in Resources */,
				59818366212BB5A800814C24 /* Assets.xcassets in Resources */,
				59D2881B211A80B300CD38B7 /* Main.storyboard in Resources */,
			);
			runOnlyForDeploymentPostprocessing = 0;
		};
		59D28824211A80B400CD38B7 /* Resources */ = {
			isa = PBXResourcesBuildPhase;
			buildActionMask = 2147483647;
			files = (
			);
			runOnlyForDeploymentPostprocessing = 0;
		};
		59D2882F211A80B400CD38B7 /* Resources */ = {
			isa = PBXResourcesBuildPhase;
			buildActionMask = 2147483647;
			files = (
			);
			runOnlyForDeploymentPostprocessing = 0;
		};
/* End PBXResourcesBuildPhase section */

/* Begin PBXShellScriptBuildPhase section */
		51F8E150BEF95F95A6D02806 /* [CP] Check Pods Manifest.lock */ = {
			isa = PBXShellScriptBuildPhase;
			buildActionMask = 2147483647;
			files = (
			);
			inputPaths = (
				"${PODS_PODFILE_DIR_PATH}/Podfile.lock",
				"${PODS_ROOT}/Manifest.lock",
			);
			name = "[CP] Check Pods Manifest.lock";
			outputPaths = (
				"$(DERIVED_FILE_DIR)/Pods-Coma CertoUITests-checkManifestLockResult.txt",
			);
			runOnlyForDeploymentPostprocessing = 0;
			shellPath = /bin/sh;
			shellScript = "diff \"${PODS_PODFILE_DIR_PATH}/Podfile.lock\" \"${PODS_ROOT}/Manifest.lock\" > /dev/null\nif [ $? != 0 ] ; then\n    # print error to STDERR\n    echo \"error: The sandbox is not in sync with the Podfile.lock. Run 'pod install' or update your CocoaPods installation.\" >&2\n    exit 1\nfi\n# This output is used by Xcode 'outputs' to avoid re-running this script phase.\necho \"SUCCESS\" > \"${SCRIPT_OUTPUT_FILE_0}\"\n";
			showEnvVarsInLog = 0;
		};
		60F453C1DEE50BF8BEAC34A6 /* [CP] Embed Pods Frameworks */ = {
			isa = PBXShellScriptBuildPhase;
			buildActionMask = 2147483647;
			files = (
			);
			inputPaths = (
				"${SRCROOT}/Pods/Target Support Files/Pods-Coma Certo/Pods-Coma Certo-frameworks.sh",
				"${BUILT_PRODUCTS_DIR}/Alamofire/Alamofire.framework",
				"${BUILT_PRODUCTS_DIR}/CustomizableActionSheet/CustomizableActionSheet.framework",
				"${BUILT_PRODUCTS_DIR}/MarkdownView/MarkdownView.framework",
				"${BUILT_PRODUCTS_DIR}/Realm/Realm.framework",
				"${BUILT_PRODUCTS_DIR}/RealmSwift/RealmSwift.framework",
				"${BUILT_PRODUCTS_DIR}/SearchTextField/SearchTextField.framework",
			);
			name = "[CP] Embed Pods Frameworks";
			outputPaths = (
				"${TARGET_BUILD_DIR}/${FRAMEWORKS_FOLDER_PATH}/Alamofire.framework",
				"${TARGET_BUILD_DIR}/${FRAMEWORKS_FOLDER_PATH}/CustomizableActionSheet.framework",
				"${TARGET_BUILD_DIR}/${FRAMEWORKS_FOLDER_PATH}/MarkdownView.framework",
				"${TARGET_BUILD_DIR}/${FRAMEWORKS_FOLDER_PATH}/Realm.framework",
				"${TARGET_BUILD_DIR}/${FRAMEWORKS_FOLDER_PATH}/RealmSwift.framework",
				"${TARGET_BUILD_DIR}/${FRAMEWORKS_FOLDER_PATH}/SearchTextField.framework",
			);
			runOnlyForDeploymentPostprocessing = 0;
			shellPath = /bin/sh;
			shellScript = "\"${SRCROOT}/Pods/Target Support Files/Pods-Coma Certo/Pods-Coma Certo-frameworks.sh\"\n";
			showEnvVarsInLog = 0;
		};
		63B01C0673239695344B8ACF /* [CP] Check Pods Manifest.lock */ = {
			isa = PBXShellScriptBuildPhase;
			buildActionMask = 2147483647;
			files = (
			);
			inputPaths = (
				"${PODS_PODFILE_DIR_PATH}/Podfile.lock",
				"${PODS_ROOT}/Manifest.lock",
			);
			name = "[CP] Check Pods Manifest.lock";
			outputPaths = (
				"$(DERIVED_FILE_DIR)/Pods-Coma Certo-checkManifestLockResult.txt",
			);
			runOnlyForDeploymentPostprocessing = 0;
			shellPath = /bin/sh;
			shellScript = "diff \"${PODS_PODFILE_DIR_PATH}/Podfile.lock\" \"${PODS_ROOT}/Manifest.lock\" > /dev/null\nif [ $? != 0 ] ; then\n    # print error to STDERR\n    echo \"error: The sandbox is not in sync with the Podfile.lock. Run 'pod install' or update your CocoaPods installation.\" >&2\n    exit 1\nfi\n# This output is used by Xcode 'outputs' to avoid re-running this script phase.\necho \"SUCCESS\" > \"${SCRIPT_OUTPUT_FILE_0}\"\n";
			showEnvVarsInLog = 0;
		};
		E8A1D4A8C34E6F0D2945191D /* [CP] Check Pods Manifest.lock */ = {
			isa = PBXShellScriptBuildPhase;
			buildActionMask = 2147483647;
			files = (
			);
			inputPaths = (
				"${PODS_PODFILE_DIR_PATH}/Podfile.lock",
				"${PODS_ROOT}/Manifest.lock",
			);
			name = "[CP] Check Pods Manifest.lock";
			outputPaths = (
				"$(DERIVED_FILE_DIR)/Pods-Coma CertoTests-checkManifestLockResult.txt",
			);
			runOnlyForDeploymentPostprocessing = 0;
			shellPath = /bin/sh;
			shellScript = "diff \"${PODS_PODFILE_DIR_PATH}/Podfile.lock\" \"${PODS_ROOT}/Manifest.lock\" > /dev/null\nif [ $? != 0 ] ; then\n    # print error to STDERR\n    echo \"error: The sandbox is not in sync with the Podfile.lock. Run 'pod install' or update your CocoaPods installation.\" >&2\n    exit 1\nfi\n# This output is used by Xcode 'outputs' to avoid re-running this script phase.\necho \"SUCCESS\" > \"${SCRIPT_OUTPUT_FILE_0}\"\n";
			showEnvVarsInLog = 0;
		};
/* End PBXShellScriptBuildPhase section */

/* Begin PBXSourcesBuildPhase section */
		59D2880E211A80B300CD38B7 /* Sources */ = {
			isa = PBXSourcesBuildPhase;
			buildActionMask = 2147483647;
			files = (
				591EE23A2134D5560087538B /* SettingsService.swift in Sources */,
				599948D6212A5CDF00700900 /* AboutAppViewController.swift in Sources */,
				59720C04211C8B6B00C0826B /* RegisterMealViewController.swift in Sources */,
				59720C06211CFEE200C0826B /* ImageCollectionViewController.swift in Sources */,
				59538C4421248DDD0061147B /* GenerateReportViewController.swift in Sources */,
				599948CE212A1B2200700900 /* ReportService.swift in Sources */,
				599948D2212A1B7000700900 /* ReportPresenter.swift in Sources */,
				59538C42212468650061147B /* Slider+Extensions.swift in Sources */,
				59538C46212490F20061147B /* ViewController+Extensions.swift in Sources */,
				591EE23E2134D62B0087538B /* SettingsPresenter.swift in Sources */,
				59044BF221251D1F00A6BF4D /* FoodPresenter.swift in Sources */,
				5902B573211E246500707EB0 /* ListMealCellView.swift in Sources */,
				5902B568211DD20100707EB0 /* Date+Extensions.swift in Sources */,
				59538C2E21226D010061147B /* MealPresenter.swift in Sources */,
				591EE2352134B4740087538B /* FoodService.swift in Sources */,
				591EE2372134C59D0087538B /* FoodPersistence.swift in Sources */,
				594DAC25212C983900E1729D /* String+Extensions.swift in Sources */,
				599948D4212A36E200700900 /* DisplayReportViewController.swift in Sources */,
				59538C4A2124C5B10061147B /* MealType.swift in Sources */,
				59538C3A212340CB0061147B /* Entities+Extensions.swift in Sources */,
				5902B56D211E01E900707EB0 /* Feeling.swift in Sources */,
				5981835E212AECD500814C24 /* AboutAppInfoViewController.swift in Sources */,
				59044BF021251D1000A6BF4D /* FoodIteractor.swift in Sources */,
				59538C3D2123615C0061147B /* MyMealsViewController.swift in Sources */,
				59D28818211A80B300CD38B7 /* DailyMealsViewController.swift in Sources */,
				591EE23C2134D5630087538B /* SettingsIteractor.swift in Sources */,
				5902B56A211E013300707EB0 /* Meal.swift in Sources */,
				59F64EE421309285007759BA /* Preferences.swift in Sources */,
				59180429213483C900C6F2DE /* Level.swift in Sources */,
				59928F1B212F9664003B9D7E /* AddFoodListCellView.swift in Sources */,
				59F64EE2213085AE007759BA /* SettingsViewController.swift in Sources */,
				59538C3621231F5C0061147B /* MealRealmEntity.swift in Sources */,
				59538C2B21226CEB0061147B /* MealService.swift in Sources */,
				59D28816211A80B300CD38B7 /* AppDelegate.swift in Sources */,
				596516B0211F5E04005EE71D /* Food.swift in Sources */,
				59044BED21251A5E00A6BF4D /* ViewPresenter.swift in Sources */,
				59818364212B62EF00814C24 /* MealReportRequest.swift in Sources */,
				59538C3221231A800061147B /* MealPersistence.swift in Sources */,
				59538C382123205C0061147B /* FoodRealmEntity.swift in Sources */,
				59720C0B211D177C00C0826B /* ImageCollectionCellView.swift in Sources */,
				599948D0212A1B5E00700900 /* ReportInteractor.swift in Sources */,
				59031CE0211E768200AFE685 /* AddFoodsToMealViewController.swift in Sources */,
				59A9E63D211D2E7F009B38A0 /* ListFoodTableViewController.swift in Sources */,
				59F64EE72130A001007759BA /* SettingsHourCell.swift in Sources */,
				59C705D8212125C7000423A4 /* FoodHttpService.swift in Sources */,
				59538C482124C3FF0061147B /* Displayable.swift in Sources */,
				59538C30212274BB0061147B /* MealIteractor.swift in Sources */,
			);
			runOnlyForDeploymentPostprocessing = 0;
		};
		59D28822211A80B400CD38B7 /* Sources */ = {
			isa = PBXSourcesBuildPhase;
			buildActionMask = 2147483647;
			files = (
				59D2882B211A80B400CD38B7 /* Coma_CertoTests.swift in Sources */,
			);
			runOnlyForDeploymentPostprocessing = 0;
		};
		59D2882D211A80B400CD38B7 /* Sources */ = {
			isa = PBXSourcesBuildPhase;
			buildActionMask = 2147483647;
			files = (
				59D28836211A80B400CD38B7 /* Coma_CertoUITests.swift in Sources */,
			);
			runOnlyForDeploymentPostprocessing = 0;
		};
/* End PBXSourcesBuildPhase section */

/* Begin PBXTargetDependency section */
		59D28828211A80B400CD38B7 /* PBXTargetDependency */ = {
			isa = PBXTargetDependency;
			target = 59D28811211A80B300CD38B7 /* Coma Certo */;
			targetProxy = 59D28827211A80B400CD38B7 /* PBXContainerItemProxy */;
		};
		59D28833211A80B400CD38B7 /* PBXTargetDependency */ = {
			isa = PBXTargetDependency;
			target = 59D28811211A80B300CD38B7 /* Coma Certo */;
			targetProxy = 59D28832211A80B400CD38B7 /* PBXContainerItemProxy */;
		};
/* End PBXTargetDependency section */

/* Begin PBXVariantGroup section */
		59D28819211A80B300CD38B7 /* Main.storyboard */ = {
			isa = PBXVariantGroup;
			children = (
				59D2881A211A80B300CD38B7 /* Base */,
			);
			name = Main.storyboard;
			sourceTree = "<group>";
		};
		59D2881E211A80B400CD38B7 /* LaunchScreen.storyboard */ = {
			isa = PBXVariantGroup;
			children = (
				59D2881F211A80B400CD38B7 /* Base */,
			);
			name = LaunchScreen.storyboard;
			sourceTree = "<group>";
		};
/* End PBXVariantGroup section */

/* Begin XCBuildConfiguration section */
		59D28838211A80B400CD38B7 /* Debug */ = {
			isa = XCBuildConfiguration;
			buildSettings = {
				ALWAYS_SEARCH_USER_PATHS = NO;
				CLANG_ANALYZER_NONNULL = YES;
				CLANG_ANALYZER_NUMBER_OBJECT_CONVERSION = YES_AGGRESSIVE;
				CLANG_CXX_LANGUAGE_STANDARD = "gnu++14";
				CLANG_CXX_LIBRARY = "libc++";
				CLANG_ENABLE_MODULES = YES;
				CLANG_ENABLE_OBJC_ARC = YES;
				CLANG_ENABLE_OBJC_WEAK = YES;
				CLANG_WARN_BLOCK_CAPTURE_AUTORELEASING = YES;
				CLANG_WARN_BOOL_CONVERSION = YES;
				CLANG_WARN_COMMA = YES;
				CLANG_WARN_CONSTANT_CONVERSION = YES;
				CLANG_WARN_DEPRECATED_OBJC_IMPLEMENTATIONS = YES;
				CLANG_WARN_DIRECT_OBJC_ISA_USAGE = YES_ERROR;
				CLANG_WARN_DOCUMENTATION_COMMENTS = YES;
				CLANG_WARN_EMPTY_BODY = YES;
				CLANG_WARN_ENUM_CONVERSION = YES;
				CLANG_WARN_INFINITE_RECURSION = YES;
				CLANG_WARN_INT_CONVERSION = YES;
				CLANG_WARN_NON_LITERAL_NULL_CONVERSION = YES;
				CLANG_WARN_OBJC_IMPLICIT_RETAIN_SELF = YES;
				CLANG_WARN_OBJC_LITERAL_CONVERSION = YES;
				CLANG_WARN_OBJC_ROOT_CLASS = YES_ERROR;
				CLANG_WARN_RANGE_LOOP_ANALYSIS = YES;
				CLANG_WARN_STRICT_PROTOTYPES = YES;
				CLANG_WARN_SUSPICIOUS_MOVE = YES;
				CLANG_WARN_UNGUARDED_AVAILABILITY = YES_AGGRESSIVE;
				CLANG_WARN_UNREACHABLE_CODE = YES;
				CLANG_WARN__DUPLICATE_METHOD_MATCH = YES;
				CODE_SIGN_IDENTITY = "iPhone Developer";
				COPY_PHASE_STRIP = NO;
				DEBUG_INFORMATION_FORMAT = dwarf;
				ENABLE_STRICT_OBJC_MSGSEND = YES;
				ENABLE_TESTABILITY = YES;
				GCC_C_LANGUAGE_STANDARD = gnu11;
				GCC_DYNAMIC_NO_PIC = NO;
				GCC_NO_COMMON_BLOCKS = YES;
				GCC_OPTIMIZATION_LEVEL = 0;
				GCC_PREPROCESSOR_DEFINITIONS = (
					"DEBUG=1",
					"$(inherited)",
				);
				GCC_WARN_64_TO_32_BIT_CONVERSION = YES;
				GCC_WARN_ABOUT_RETURN_TYPE = YES_ERROR;
				GCC_WARN_UNDECLARED_SELECTOR = YES;
				GCC_WARN_UNINITIALIZED_AUTOS = YES_AGGRESSIVE;
				GCC_WARN_UNUSED_FUNCTION = YES;
				GCC_WARN_UNUSED_VARIABLE = YES;
				IPHONEOS_DEPLOYMENT_TARGET = 11.4;
				MTL_ENABLE_DEBUG_INFO = YES;
				ONLY_ACTIVE_ARCH = YES;
				SDKROOT = iphoneos;
				SWIFT_ACTIVE_COMPILATION_CONDITIONS = DEBUG;
				SWIFT_OPTIMIZATION_LEVEL = "-Onone";
			};
			name = Debug;
		};
		59D28839211A80B400CD38B7 /* Release */ = {
			isa = XCBuildConfiguration;
			buildSettings = {
				ALWAYS_SEARCH_USER_PATHS = NO;
				CLANG_ANALYZER_NONNULL = YES;
				CLANG_ANALYZER_NUMBER_OBJECT_CONVERSION = YES_AGGRESSIVE;
				CLANG_CXX_LANGUAGE_STANDARD = "gnu++14";
				CLANG_CXX_LIBRARY = "libc++";
				CLANG_ENABLE_MODULES = YES;
				CLANG_ENABLE_OBJC_ARC = YES;
				CLANG_ENABLE_OBJC_WEAK = YES;
				CLANG_WARN_BLOCK_CAPTURE_AUTORELEASING = YES;
				CLANG_WARN_BOOL_CONVERSION = YES;
				CLANG_WARN_COMMA = YES;
				CLANG_WARN_CONSTANT_CONVERSION = YES;
				CLANG_WARN_DEPRECATED_OBJC_IMPLEMENTATIONS = YES;
				CLANG_WARN_DIRECT_OBJC_ISA_USAGE = YES_ERROR;
				CLANG_WARN_DOCUMENTATION_COMMENTS = YES;
				CLANG_WARN_EMPTY_BODY = YES;
				CLANG_WARN_ENUM_CONVERSION = YES;
				CLANG_WARN_INFINITE_RECURSION = YES;
				CLANG_WARN_INT_CONVERSION = YES;
				CLANG_WARN_NON_LITERAL_NULL_CONVERSION = YES;
				CLANG_WARN_OBJC_IMPLICIT_RETAIN_SELF = YES;
				CLANG_WARN_OBJC_LITERAL_CONVERSION = YES;
				CLANG_WARN_OBJC_ROOT_CLASS = YES_ERROR;
				CLANG_WARN_RANGE_LOOP_ANALYSIS = YES;
				CLANG_WARN_STRICT_PROTOTYPES = YES;
				CLANG_WARN_SUSPICIOUS_MOVE = YES;
				CLANG_WARN_UNGUARDED_AVAILABILITY = YES_AGGRESSIVE;
				CLANG_WARN_UNREACHABLE_CODE = YES;
				CLANG_WARN__DUPLICATE_METHOD_MATCH = YES;
				CODE_SIGN_IDENTITY = "iPhone Developer";
				COPY_PHASE_STRIP = NO;
				DEBUG_INFORMATION_FORMAT = "dwarf-with-dsym";
				ENABLE_NS_ASSERTIONS = NO;
				ENABLE_STRICT_OBJC_MSGSEND = YES;
				GCC_C_LANGUAGE_STANDARD = gnu11;
				GCC_NO_COMMON_BLOCKS = YES;
				GCC_WARN_64_TO_32_BIT_CONVERSION = YES;
				GCC_WARN_ABOUT_RETURN_TYPE = YES_ERROR;
				GCC_WARN_UNDECLARED_SELECTOR = YES;
				GCC_WARN_UNINITIALIZED_AUTOS = YES_AGGRESSIVE;
				GCC_WARN_UNUSED_FUNCTION = YES;
				GCC_WARN_UNUSED_VARIABLE = YES;
				IPHONEOS_DEPLOYMENT_TARGET = 11.4;
				MTL_ENABLE_DEBUG_INFO = NO;
				SDKROOT = iphoneos;
				SWIFT_COMPILATION_MODE = wholemodule;
				SWIFT_OPTIMIZATION_LEVEL = "-O";
				VALIDATE_PRODUCT = YES;
			};
			name = Release;
		};
		59D2883B211A80B400CD38B7 /* Debug */ = {
			isa = XCBuildConfiguration;
			baseConfigurationReference = 0368110BC24D296744BBB629 /* Pods-Coma Certo.debug.xcconfig */;
			buildSettings = {
				ASSETCATALOG_COMPILER_APPICON_NAME = AppIcon;
				CODE_SIGN_IDENTITY = "iPhone Developer";
				CODE_SIGN_STYLE = Automatic;
				DEVELOPMENT_TEAM = V4NA9Y9BKW;
				INFOPLIST_FILE = "Coma Certo/Info.plist";
				IPHONEOS_DEPLOYMENT_TARGET = 11.0;
				LD_RUNPATH_SEARCH_PATHS = (
					"$(inherited)",
					"@executable_path/Frameworks",
				);
				PRODUCT_BUNDLE_IDENTIFIER = "br.com.apps.esampaio.Coma-Certo";
				PRODUCT_NAME = "$(TARGET_NAME)";
				PROVISIONING_PROFILE_SPECIFIER = "";
				SWIFT_VERSION = 4.0;
				TARGETED_DEVICE_FAMILY = 1;
			};
			name = Debug;
		};
		59D2883C211A80B400CD38B7 /* Release */ = {
			isa = XCBuildConfiguration;
			baseConfigurationReference = D00B0633BF8963A4FA605337 /* Pods-Coma Certo.release.xcconfig */;
			buildSettings = {
				ASSETCATALOG_COMPILER_APPICON_NAME = AppIcon;
				CODE_SIGN_IDENTITY = "iPhone Developer";
				CODE_SIGN_STYLE = Automatic;
				DEVELOPMENT_TEAM = V4NA9Y9BKW;
				INFOPLIST_FILE = "Coma Certo/Info.plist";
				IPHONEOS_DEPLOYMENT_TARGET = 11.0;
				LD_RUNPATH_SEARCH_PATHS = (
					"$(inherited)",
					"@executable_path/Frameworks",
				);
				PRODUCT_BUNDLE_IDENTIFIER = "br.com.apps.esampaio.Coma-Certo";
				PRODUCT_NAME = "$(TARGET_NAME)";
				PROVISIONING_PROFILE_SPECIFIER = "";
				SWIFT_VERSION = 4.0;
				TARGETED_DEVICE_FAMILY = 1;
			};
			name = Release;
		};
		59D2883E211A80B400CD38B7 /* Debug */ = {
			isa = XCBuildConfiguration;
			baseConfigurationReference = 71107D5B0984A01E6044D8F1 /* Pods-Coma CertoTests.debug.xcconfig */;
			buildSettings = {
				ALWAYS_EMBED_SWIFT_STANDARD_LIBRARIES = YES;
				BUNDLE_LOADER = "$(TEST_HOST)";
				CODE_SIGN_STYLE = Automatic;
				DEVELOPMENT_TEAM = V4NA9Y9BKW;
				INFOPLIST_FILE = "Coma CertoTests/Info.plist";
				LD_RUNPATH_SEARCH_PATHS = (
					"$(inherited)",
					"@executable_path/Frameworks",
					"@loader_path/Frameworks",
				);
				PRODUCT_BUNDLE_IDENTIFIER = "br.com.apps.esampaio.Coma-CertoTests";
				PRODUCT_NAME = "$(TARGET_NAME)";
				SWIFT_VERSION = 4.0;
				TARGETED_DEVICE_FAMILY = "1,2";
				TEST_HOST = "$(BUILT_PRODUCTS_DIR)/Coma Certo.app/Coma Certo";
			};
			name = Debug;
		};
		59D2883F211A80B400CD38B7 /* Release */ = {
			isa = XCBuildConfiguration;
			baseConfigurationReference = 18ECE2BC0CA7C7C6611FAB2A /* Pods-Coma CertoTests.release.xcconfig */;
			buildSettings = {
				ALWAYS_EMBED_SWIFT_STANDARD_LIBRARIES = YES;
				BUNDLE_LOADER = "$(TEST_HOST)";
				CODE_SIGN_STYLE = Automatic;
				DEVELOPMENT_TEAM = V4NA9Y9BKW;
				INFOPLIST_FILE = "Coma CertoTests/Info.plist";
				LD_RUNPATH_SEARCH_PATHS = (
					"$(inherited)",
					"@executable_path/Frameworks",
					"@loader_path/Frameworks",
				);
				PRODUCT_BUNDLE_IDENTIFIER = "br.com.apps.esampaio.Coma-CertoTests";
				PRODUCT_NAME = "$(TARGET_NAME)";
				SWIFT_VERSION = 4.0;
				TARGETED_DEVICE_FAMILY = "1,2";
				TEST_HOST = "$(BUILT_PRODUCTS_DIR)/Coma Certo.app/Coma Certo";
			};
			name = Release;
		};
		59D28841211A80B400CD38B7 /* Debug */ = {
			isa = XCBuildConfiguration;
			baseConfigurationReference = 8F0CCA0A452B7980D8B10C1E /* Pods-Coma CertoUITests.debug.xcconfig */;
			buildSettings = {
				ALWAYS_EMBED_SWIFT_STANDARD_LIBRARIES = YES;
				CODE_SIGN_STYLE = Automatic;
				DEVELOPMENT_TEAM = V4NA9Y9BKW;
				INFOPLIST_FILE = "Coma CertoUITests/Info.plist";
				LD_RUNPATH_SEARCH_PATHS = (
					"$(inherited)",
					"@executable_path/Frameworks",
					"@loader_path/Frameworks",
				);
				PRODUCT_BUNDLE_IDENTIFIER = "br.com.apps.esampaio.Coma-CertoUITests";
				PRODUCT_NAME = "$(TARGET_NAME)";
				SWIFT_VERSION = 4.0;
				TARGETED_DEVICE_FAMILY = "1,2";
				TEST_TARGET_NAME = "Coma Certo";
			};
			name = Debug;
		};
		59D28842211A80B400CD38B7 /* Release */ = {
			isa = XCBuildConfiguration;
			baseConfigurationReference = EF20272C37E46AD3353DE26A /* Pods-Coma CertoUITests.release.xcconfig */;
			buildSettings = {
				ALWAYS_EMBED_SWIFT_STANDARD_LIBRARIES = YES;
				CODE_SIGN_STYLE = Automatic;
				DEVELOPMENT_TEAM = V4NA9Y9BKW;
				INFOPLIST_FILE = "Coma CertoUITests/Info.plist";
				LD_RUNPATH_SEARCH_PATHS = (
					"$(inherited)",
					"@executable_path/Frameworks",
					"@loader_path/Frameworks",
				);
				PRODUCT_BUNDLE_IDENTIFIER = "br.com.apps.esampaio.Coma-CertoUITests";
				PRODUCT_NAME = "$(TARGET_NAME)";
				SWIFT_VERSION = 4.0;
				TARGETED_DEVICE_FAMILY = "1,2";
				TEST_TARGET_NAME = "Coma Certo";
			};
			name = Release;
		};
/* End XCBuildConfiguration section */

/* Begin XCConfigurationList section */
		59D2880D211A80B300CD38B7 /* Build configuration list for PBXProject "Coma Certo" */ = {
			isa = XCConfigurationList;
			buildConfigurations = (
				59D28838211A80B400CD38B7 /* Debug */,
				59D28839211A80B400CD38B7 /* Release */,
			);
			defaultConfigurationIsVisible = 0;
			defaultConfigurationName = Release;
		};
		59D2883A211A80B400CD38B7 /* Build configuration list for PBXNativeTarget "Coma Certo" */ = {
			isa = XCConfigurationList;
			buildConfigurations = (
				59D2883B211A80B400CD38B7 /* Debug */,
				59D2883C211A80B400CD38B7 /* Release */,
			);
			defaultConfigurationIsVisible = 0;
			defaultConfigurationName = Release;
		};
		59D2883D211A80B400CD38B7 /* Build configuration list for PBXNativeTarget "Coma CertoTests" */ = {
			isa = XCConfigurationList;
			buildConfigurations = (
				59D2883E211A80B400CD38B7 /* Debug */,
				59D2883F211A80B400CD38B7 /* Release */,
			);
			defaultConfigurationIsVisible = 0;
			defaultConfigurationName = Release;
		};
		59D28840211A80B400CD38B7 /* Build configuration list for PBXNativeTarget "Coma CertoUITests" */ = {
			isa = XCConfigurationList;
			buildConfigurations = (
				59D28841211A80B400CD38B7 /* Debug */,
				59D28842211A80B400CD38B7 /* Release */,
			);
			defaultConfigurationIsVisible = 0;
			defaultConfigurationName = Release;
		};
/* End XCConfigurationList section */
	};
	rootObject = 59D2880A211A80B300CD38B7 /* Project object */;
}
